<?xml version="1.0" encoding="utf-8"?>
<Project ToolsVersion="4.0" xmlns="http://schemas.microsoft.com/developer/msbuild/2003">
  <ItemGroup>
    <Filter Include="소스 파일">
      <UniqueIdentifier>{4FC737F1-C7A5-4376-A066-2A32D752A2FF}</UniqueIdentifier>
      <Extensions>cpp;c;cc;cxx;def;odl;idl;hpj;bat;asm;asmx</Extensions>
    </Filter>
    <Filter Include="헤더 파일">
      <UniqueIdentifier>{93995380-89BD-4b04-88EB-625FBE52EBFB}</UniqueIdentifier>
      <Extensions>h;hh;hpp;hxx;hm;inl;inc;ipp;xsd</Extensions>
    </Filter>
    <Filter Include="리소스 파일">
      <UniqueIdentifier>{67DA6AB6-F800-4c08-8B7A-83BB121AAD01}</UniqueIdentifier>
      <Extensions>rc;ico;cur;bmp;dlg;rc2;rct;bin;rgs;gif;jpg;jpeg;jpe;resx;tiff;tif;png;wav;mfcribbon-ms</Extensions>
    </Filter>
    <Filter Include="소스 파일\00. MainUpdate">
      <UniqueIdentifier>{64b3d5be-2312-47c8-8849-aea5a5f5ba15}</UniqueIdentifier>
    </Filter>
    <Filter Include="헤더 파일\Headres">
      <UniqueIdentifier>{ef32cd56-f22c-4ddc-9c15-eed067e6cc87}</UniqueIdentifier>
    </Filter>
    <Filter Include="헤더 파일\Include">
      <UniqueIdentifier>{37254269-17ec-4241-b077-13d1a2c82902}</UniqueIdentifier>
    </Filter>
    <Filter Include="소스 파일\01. Object">
      <UniqueIdentifier>{bbbdd79a-dced-4e7a-b0ee-a70768726e47}</UniqueIdentifier>
    </Filter>
    <Filter Include="소스 파일\02. Scene">
      <UniqueIdentifier>{0c0961f8-2ea6-4ae7-83f1-3b7e954a5a43}</UniqueIdentifier>
    </Filter>
    <Filter Include="소스 파일\02. Scene\Logo">
      <UniqueIdentifier>{82748194-1357-4c3b-ac9d-4eaf0d714633}</UniqueIdentifier>
    </Filter>
    <Filter Include="소스 파일\02. Scene\Menu">
      <UniqueIdentifier>{997ba74c-5372-4b2b-8b12-a3d20ee17421}</UniqueIdentifier>
    </Filter>
    <Filter Include="소스 파일\02. Scene\Stage">
      <UniqueIdentifier>{30af47d9-a382-4ef6-8b99-6337c631a1c2}</UniqueIdentifier>
    </Filter>
    <Filter Include="소스 파일\99. Manager">
      <UniqueIdentifier>{7d5c817f-fae1-4871-8c5e-8c4255a1a4cb}</UniqueIdentifier>
    </Filter>
    <Filter Include="소스 파일\99. Manager\SceneManager">
      <UniqueIdentifier>{0fae6232-b6bc-4a9f-a8ac-ab480cd20154}</UniqueIdentifier>
    </Filter>
    <Filter Include="소스 파일\99. Manager\ObjectManager">
      <UniqueIdentifier>{b0c2b632-0a32-43d7-b233-841d363213ae}</UniqueIdentifier>
    </Filter>
    <Filter Include="소스 파일\99. Manager\ObjectManager\ObjectFactroy">
      <UniqueIdentifier>{b17b8908-e3e7-4c0d-bba6-d1d2606a43b0}</UniqueIdentifier>
    </Filter>
    <Filter Include="소스 파일\99. Manager\CollisionManager">
      <UniqueIdentifier>{0357ab2a-818c-4c60-a1f8-80a406af55f5}</UniqueIdentifier>
    </Filter>
    <Filter Include="소스 파일\99. Manager\InputManager">
      <UniqueIdentifier>{c72c19ec-e892-42e5-84e2-0a093139920b}</UniqueIdentifier>
    </Filter>
    <Filter Include="소스 파일\99. Manager\BitmapManager">
      <UniqueIdentifier>{58050ba4-ab84-48a9-8b20-eac6d6c28f9c}</UniqueIdentifier>
    </Filter>
    <Filter Include="소스 파일\99. Manager\BitmapManager\Bitmap">
      <UniqueIdentifier>{f349624f-e52e-4d08-bfc3-b9e3df22f093}</UniqueIdentifier>
    </Filter>
    <Filter Include="소스 파일\99. Manager\SoundManager">
      <UniqueIdentifier>{9b72b30e-b023-45b5-b6da-e5d1fb723652}</UniqueIdentifier>
    </Filter>
    <Filter Include="소스 파일\01. Object\Stage">
      <UniqueIdentifier>{9fd67e64-9099-4576-8979-dce2e6f27821}</UniqueIdentifier>
    </Filter>
    <Filter Include="소스 파일\01. Object\Stage\Player">
      <UniqueIdentifier>{c1afa072-fe6c-463f-963c-46c2e7c6113d}</UniqueIdentifier>
    </Filter>
    <Filter Include="소스 파일\01. Object\Stage\ParticleBridge">
      <UniqueIdentifier>{9bfcd32b-fe49-4627-9555-e109f8ded3a9}</UniqueIdentifier>
    </Filter>
    <Filter Include="소스 파일\01. Object\Stage\ParticleBridge\Explosion">
      <UniqueIdentifier>{01beb65d-65eb-4731-bb45-b2ec1043bd3a}</UniqueIdentifier>
    </Filter>
    <Filter Include="소스 파일\01. Object\Stage\Bullet">
      <UniqueIdentifier>{e4fe563d-39b5-442a-b981-8531656edb12}</UniqueIdentifier>
    </Filter>
    <Filter Include="소스 파일\01. Object\Stage\Bullet\BulletBridge">
      <UniqueIdentifier>{914dd8dd-642a-45e4-8696-82def999d370}</UniqueIdentifier>
    </Filter>
    <Filter Include="소스 파일\01. Object\Stage\Bullet\BulletBridge\NormalBullet">
      <UniqueIdentifier>{24db50ab-3316-4831-9017-fb401059d495}</UniqueIdentifier>
    </Filter>
    <Filter Include="소스 파일\01. Object\Stage\Monster">
      <UniqueIdentifier>{aaaf49eb-9854-4c22-8ddb-80c83a974488}</UniqueIdentifier>
    </Filter>
    <Filter Include="소스 파일\01. Object\Stage\BackGround">
      <UniqueIdentifier>{63cbf6ec-b3b1-4b39-8a14-9fd4a83de020}</UniqueIdentifier>
    </Filter>
    <Filter Include="소스 파일\01. Object\Menu">
      <UniqueIdentifier>{ca5902a5-f076-405b-a7bb-93e98dbcaf8e}</UniqueIdentifier>
    </Filter>
    <Filter Include="소스 파일\01. Object\Menu\MenuBack">
      <UniqueIdentifier>{443b6462-e1ec-45db-977a-eaa9ea9993a1}</UniqueIdentifier>
    </Filter>
    <Filter Include="소스 파일\01. Object\Menu\Button">
      <UniqueIdentifier>{bc87a424-ca80-47ab-ae09-980d24f23fca}</UniqueIdentifier>
    </Filter>
  </ItemGroup>
  <ItemGroup>
    <ClInclude Include="MainUpdate.h">
      <Filter>소스 파일\00. MainUpdate</Filter>
    </ClInclude>
    <ClInclude Include="WINAPI_FrameWork.h">
      <Filter>헤더 파일\Headres</Filter>
    </ClInclude>
    <ClInclude Include="framework.h">
      <Filter>헤더 파일\Headres</Filter>
    </ClInclude>
    <ClInclude Include="Resource.h">
      <Filter>헤더 파일\Headres</Filter>
    </ClInclude>
    <ClInclude Include="targetver.h">
      <Filter>헤더 파일\Headres</Filter>
    </ClInclude>
    <ClInclude Include="Include.h">
      <Filter>헤더 파일</Filter>
    </ClInclude>
    <ClInclude Include="Define.h">
      <Filter>헤더 파일\Include</Filter>
    </ClInclude>
    <ClInclude Include="Player.h">
      <Filter>소스 파일\01. Object\Stage\Player</Filter>
    </ClInclude>
    <ClInclude Include="Struct.h">
      <Filter>헤더 파일\Include</Filter>
    </ClInclude>
    <ClInclude Include="Object.h">
      <Filter>소스 파일\01. Object</Filter>
    </ClInclude>
    <ClInclude Include="Scene.h">
      <Filter>소스 파일\02. Scene</Filter>
    </ClInclude>
    <ClInclude Include="Logo.h">
      <Filter>소스 파일\02. Scene\Logo</Filter>
    </ClInclude>
    <ClInclude Include="Menu.h">
      <Filter>소스 파일\02. Scene\Menu</Filter>
    </ClInclude>
    <ClInclude Include="Stage.h">
      <Filter>소스 파일\02. Scene\Stage</Filter>
    </ClInclude>
    <ClInclude Include="SceneManager.h">
      <Filter>소스 파일\99. Manager\SceneManager</Filter>
    </ClInclude>
    <ClInclude Include="Enum.h">
      <Filter>헤더 파일\Include</Filter>
    </ClInclude>
    <ClInclude Include="Monster.h">
      <Filter>소스 파일\01. Object\Stage\Monster</Filter>
    </ClInclude>
    <ClInclude Include="ObjectFactroy.h">
      <Filter>소스 파일\99. Manager\ObjectManager\ObjectFactroy</Filter>
    </ClInclude>
    <ClInclude Include="ObjectManager.h">
      <Filter>소스 파일\99. Manager\ObjectManager</Filter>
    </ClInclude>
    <ClInclude Include="CollisionManager.h">
      <Filter>소스 파일\99. Manager\CollisionManager</Filter>
    </ClInclude>
    <ClInclude Include="InputManager.h">
      <Filter>소스 파일\99. Manager\InputManager</Filter>
    </ClInclude>
    <ClInclude Include="Bullet.h">
      <Filter>소스 파일\01. Object\Stage\Bullet</Filter>
    </ClInclude>
    <ClInclude Include="Bullet_Bridge.h">
      <Filter>소스 파일\01. Object\Stage\Bullet\BulletBridge</Filter>
    </ClInclude>
    <ClInclude Include="Bridge.h">
      <Filter>헤더 파일\Headres</Filter>
    </ClInclude>
    <ClInclude Include="NormalBullet.h">
      <Filter>소스 파일\01. Object\Stage\Bullet\BulletBridge\NormalBullet</Filter>
    </ClInclude>
    <ClInclude Include="BitmapManager.h">
      <Filter>소스 파일\99. Manager\BitmapManager</Filter>
    </ClInclude>
    <ClInclude Include="Bitmap.h">
      <Filter>소스 파일\99. Manager\BitmapManager\Bitmap</Filter>
    </ClInclude>
    <ClInclude Include="Explosion.h">
      <Filter>소스 파일\01. Object\Stage\ParticleBridge\Explosion</Filter>
    </ClInclude>
    <ClInclude Include="Particle_Bridge.h">
      <Filter>소스 파일\01. Object\Stage\ParticleBridge</Filter>
    </ClInclude>
    <ClInclude Include="BackGround.h">
      <Filter>소스 파일\01. Object\Stage\BackGround</Filter>
    </ClInclude>
    <ClInclude Include="SoundManager.h">
      <Filter>소스 파일\99. Manager\SoundManager</Filter>
    </ClInclude>
    <ClInclude Include="MenuBack.h">
      <Filter>소스 파일\01. Object\Menu\MenuBack</Filter>
    </ClInclude>
    <ClInclude Include="Button.h">
      <Filter>소스 파일\01. Object\Menu\Button</Filter>
    </ClInclude>
  </ItemGroup>
  <ItemGroup>
    <ClCompile Include="WINAPI_FrameWork.cpp">
      <Filter>소스 파일</Filter>
    </ClCompile>
    <ClCompile Include="MainUpdate.cpp">
      <Filter>소스 파일\00. MainUpdate</Filter>
    </ClCompile>
    <ClCompile Include="Player.cpp">
      <Filter>소스 파일\01. Object\Stage\Player</Filter>
    </ClCompile>
    <ClCompile Include="Object.cpp">
      <Filter>소스 파일\01. Object</Filter>
    </ClCompile>
    <ClCompile Include="Scene.cpp">
      <Filter>소스 파일\02. Scene</Filter>
    </ClCompile>
    <ClCompile Include="Logo.cpp">
      <Filter>소스 파일\02. Scene\Logo</Filter>
    </ClCompile>
    <ClCompile Include="Menu.cpp">
      <Filter>소스 파일\02. Scene\Menu</Filter>
    </ClCompile>
    <ClCompile Include="Stage.cpp">
      <Filter>소스 파일\02. Scene\Stage</Filter>
    </ClCompile>
    <ClCompile Include="SceneManager.cpp">
      <Filter>소스 파일\99. Manager\SceneManager</Filter>
    </ClCompile>
    <ClCompile Include="Monster.cpp">
      <Filter>소스 파일\01. Object\Stage\Monster</Filter>
    </ClCompile>
    <ClCompile Include="ObjectManager.cpp">
      <Filter>소스 파일\99. Manager\ObjectManager</Filter>
    </ClCompile>
    <ClCompile Include="CollisionManager.cpp">
      <Filter>소스 파일\99. Manager\CollisionManager</Filter>
    </ClCompile>
    <ClCompile Include="InputManager.cpp">
      <Filter>소스 파일\99. Manager\InputManager</Filter>
    </ClCompile>
    <ClCompile Include="Bullet.cpp">
      <Filter>소스 파일\01. Object\Stage\Bullet</Filter>
    </ClCompile>
    <ClCompile Include="NormalBullet.cpp">
      <Filter>소스 파일\01. Object\Stage\Bullet\BulletBridge\NormalBullet</Filter>
    </ClCompile>
    <ClCompile Include="BitmapManager.cpp">
      <Filter>소스 파일\99. Manager\BitmapManager</Filter>
    </ClCompile>
    <ClCompile Include="Bitmap.cpp">
      <Filter>소스 파일\99. Manager\BitmapManager\Bitmap</Filter>
    </ClCompile>
    <ClCompile Include="Explosion.cpp">
      <Filter>소스 파일\01. Object\Stage\ParticleBridge\Explosion</Filter>
    </ClCompile>
    <ClCompile Include="BackGround.cpp">
      <Filter>소스 파일\01. Object\Stage\BackGround</Filter>
    </ClCompile>
    <ClCompile Include="SoundManager.cpp">
      <Filter>소스 파일\99. Manager\SoundManager</Filter>
    </ClCompile>
    <ClCompile Include="MenuBack.cpp">
      <Filter>소스 파일\01. Object\Menu\MenuBack</Filter>
    </ClCompile>
    <ClCompile Include="Button.cpp">
      <Filter>소스 파일\01. Object\Menu\Button</Filter>
    </ClCompile>
  </ItemGroup>
  <ItemGroup>
    <ResourceCompile Include="WINAPI_FrameWork.rc">
      <Filter>리소스 파일</Filter>
    </ResourceCompile>
  </ItemGroup>
  <ItemGroup>
    <Image Include="small.ico">
      <Filter>리소스 파일</Filter>
    </Image>
    <Image Include="WINAPI_FrameWork.ico">
      <Filter>리소스 파일</Filter>
    </Image>
  </ItemGroup>
</Project>